
Microsoft Visual Studio Solution File, Format Version 12.00
# Visual Studio 2013
VisualStudioVersion = 12.0.31101.0
MinimumVisualStudioVersion = 10.0.40219.1
Project("{FAE04EC0-301F-11D3-BF4B-00C04F79EFBC}") = "CSV-ListeningHabits", "CSV-ListeningHabits\CSV-ListeningHabits.csproj", "{68C225E7-45E2-4FCB-A6E0-833EC93A4778}"
EndProject
Project("{2150E333-8FDC-42A3-9474-1A3956D46DE8}") = ".nuget", ".nuget", "{10283821-CDE9-471A-9258-4C7B2AD5E44A}"
	ProjectSection(SolutionItems) = preProject
		.nuget\packages.config = .nuget\packages.config
	EndProjectSection
EndProject
Global
	GlobalSection(SolutionConfigurationPlatforms) = preSolution
		Debug|Any CPU = Debug|Any CPU
		Release|Any CPU = Release|Any CPU
	EndGlobalSection
	GlobalSection(ProjectConfigurationPlatforms) = postSolution
		{68C225E7-45E2-4FCB-A6E0-833EC93A4778}.Debug|Any CPU.ActiveCfg = Debug|Any CPU
		{68C225E7-45E2-4FCB-A6E0-833EC93A4778}.Debug|Any CPU.Build.0 = Debug|Any CPU
		{68C225E7-45E2-4FCB-A6E0-833EC93A4778}.Release|Any CPU.ActiveCfg = Release|Any CPU
		{68C225E7-45E2-4FCB-A6E0-833EC93A4778}.Release|Any CPU.Build.0 = Release|Any CPU
	EndGlobalSection
	GlobalSection(SolutionProperties) = preSolution
		HideSolutionNode = FALSE
	EndGlobalSection
EndGlobal
